// !$*UTF8*$!
{
	archiveVersion = 1;
	classes = {
	};
	objectVersion = 50;
	objects = {

/* Begin PBXBuildFile section */
		C124BFC224EABA5A00233C28 /* AppDelegate.swift in Sources */ = {isa = PBXBuildFile; fileRef = C124BFC124EABA5A00233C28 /* AppDelegate.swift */; };
		C124BFC424EABA5A00233C28 /* SceneDelegate.swift in Sources */ = {isa = PBXBuildFile; fileRef = C124BFC324EABA5A00233C28 /* SceneDelegate.swift */; };
		C124BFC924EABA5A00233C28 /* Main.storyboard in Resources */ = {isa = PBXBuildFile; fileRef = C124BFC724EABA5A00233C28 /* Main.storyboard */; };
		C124BFCB24EABA5D00233C28 /* Assets.xcassets in Resources */ = {isa = PBXBuildFile; fileRef = C124BFCA24EABA5D00233C28 /* Assets.xcassets */; };
		C124BFCE24EABA5D00233C28 /* LaunchScreen.storyboard in Resources */ = {isa = PBXBuildFile; fileRef = C124BFCC24EABA5D00233C28 /* LaunchScreen.storyboard */; };
		C124BFE124EACA7E00233C28 /* Post.swift in Sources */ = {isa = PBXBuildFile; fileRef = C124BFE024EACA7E00233C28 /* Post.swift */; };
		C124BFE524EACB0A00233C28 /* PostsTableViewController.swift in Sources */ = {isa = PBXBuildFile; fileRef = C124BFE424EACB0A00233C28 /* PostsTableViewController.swift */; };
		C124BFE824EACB3C00233C28 /* PostsViewModel.swift in Sources */ = {isa = PBXBuildFile; fileRef = C124BFE724EACB3C00233C28 /* PostsViewModel.swift */; };
		C124BFEC24EACF0200233C28 /* PostCellViewModel.swift in Sources */ = {isa = PBXBuildFile; fileRef = C124BFEB24EACF0200233C28 /* PostCellViewModel.swift */; };
		C124BFF024EACF9B00233C28 /* PostCell.swift in Sources */ = {isa = PBXBuildFile; fileRef = C124BFEF24EACF9B00233C28 /* PostCell.swift */; };
		C124BFF224EAD4FF00233C28 /* ListViewModelState.swift in Sources */ = {isa = PBXBuildFile; fileRef = C124BFF124EAD4FF00233C28 /* ListViewModelState.swift */; };
		C124BFF424EAE5F800233C28 /* ImageService.swift in Sources */ = {isa = PBXBuildFile; fileRef = C124BFF324EAE5F700233C28 /* ImageService.swift */; };
		C130166724EBBF320069EFF8 /* ApiError.swift in Sources */ = {isa = PBXBuildFile; fileRef = C130166324EBBF320069EFF8 /* ApiError.swift */; };
		C130166824EBBF320069EFF8 /* ApiService.swift in Sources */ = {isa = PBXBuildFile; fileRef = C130166424EBBF320069EFF8 /* ApiService.swift */; };
		C130166924EBBF320069EFF8 /* ApiResult.swift in Sources */ = {isa = PBXBuildFile; fileRef = C130166524EBBF320069EFF8 /* ApiResult.swift */; };
		C130166A24EBBF320069EFF8 /* ApiRequest.swift in Sources */ = {isa = PBXBuildFile; fileRef = C130166624EBBF320069EFF8 /* ApiRequest.swift */; };
		C130166D24EBC0710069EFF8 /* ImageViewerViewController.swift in Sources */ = {isa = PBXBuildFile; fileRef = C130166C24EBC0710069EFF8 /* ImageViewerViewController.swift */; };
/* End PBXBuildFile section */

/* Begin PBXFileReference section */
		C124BFBE24EABA5A00233C28 /* Raketa Test Task.app */ = {isa = PBXFileReference; explicitFileType = wrapper.application; includeInIndex = 0; path = "Raketa Test Task.app"; sourceTree = BUILT_PRODUCTS_DIR; };
		C124BFC124EABA5A00233C28 /* AppDelegate.swift */ = {isa = PBXFileReference; lastKnownFileType = sourcecode.swift; path = AppDelegate.swift; sourceTree = "<group>"; };
		C124BFC324EABA5A00233C28 /* SceneDelegate.swift */ = {isa = PBXFileReference; lastKnownFileType = sourcecode.swift; path = SceneDelegate.swift; sourceTree = "<group>"; };
		C124BFC824EABA5A00233C28 /* Base */ = {isa = PBXFileReference; lastKnownFileType = file.storyboard; name = Base; path = Base.lproj/Main.storyboard; sourceTree = "<group>"; };
		C124BFCA24EABA5D00233C28 /* Assets.xcassets */ = {isa = PBXFileReference; lastKnownFileType = folder.assetcatalog; path = Assets.xcassets; sourceTree = "<group>"; };
		C124BFCD24EABA5D00233C28 /* Base */ = {isa = PBXFileReference; lastKnownFileType = file.storyboard; name = Base; path = Base.lproj/LaunchScreen.storyboard; sourceTree = "<group>"; };
		C124BFCF24EABA5E00233C28 /* Info.plist */ = {isa = PBXFileReference; lastKnownFileType = text.plist.xml; path = Info.plist; sourceTree = "<group>"; };
		C124BFE024EACA7E00233C28 /* Post.swift */ = {isa = PBXFileReference; lastKnownFileType = sourcecode.swift; path = Post.swift; sourceTree = "<group>"; };
		C124BFE424EACB0A00233C28 /* PostsTableViewController.swift */ = {isa = PBXFileReference; lastKnownFileType = sourcecode.swift; path = PostsTableViewController.swift; sourceTree = "<group>"; };
		C124BFE724EACB3C00233C28 /* PostsViewModel.swift */ = {isa = PBXFileReference; lastKnownFileType = sourcecode.swift; path = PostsViewModel.swift; sourceTree = "<group>"; };
		C124BFEB24EACF0200233C28 /* PostCellViewModel.swift */ = {isa = PBXFileReference; lastKnownFileType = sourcecode.swift; path = PostCellViewModel.swift; sourceTree = "<group>"; };
		C124BFEF24EACF9B00233C28 /* PostCell.swift */ = {isa = PBXFileReference; lastKnownFileType = sourcecode.swift; path = PostCell.swift; sourceTree = "<group>"; };
		C124BFF124EAD4FF00233C28 /* ListViewModelState.swift */ = {isa = PBXFileReference; lastKnownFileType = sourcecode.swift; path = ListViewModelState.swift; sourceTree = "<group>"; };
		C124BFF324EAE5F700233C28 /* ImageService.swift */ = {isa = PBXFileReference; lastKnownFileType = sourcecode.swift; path = ImageService.swift; sourceTree = "<group>"; };
		C130166324EBBF320069EFF8 /* ApiError.swift */ = {isa = PBXFileReference; fileEncoding = 4; lastKnownFileType = sourcecode.swift; path = ApiError.swift; sourceTree = "<group>"; };
		C130166424EBBF320069EFF8 /* ApiService.swift */ = {isa = PBXFileReference; fileEncoding = 4; lastKnownFileType = sourcecode.swift; path = ApiService.swift; sourceTree = "<group>"; };
		C130166524EBBF320069EFF8 /* ApiResult.swift */ = {isa = PBXFileReference; fileEncoding = 4; lastKnownFileType = sourcecode.swift; path = ApiResult.swift; sourceTree = "<group>"; };
		C130166624EBBF320069EFF8 /* ApiRequest.swift */ = {isa = PBXFileReference; fileEncoding = 4; lastKnownFileType = sourcecode.swift; path = ApiRequest.swift; sourceTree = "<group>"; };
		C130166C24EBC0710069EFF8 /* ImageViewerViewController.swift */ = {isa = PBXFileReference; lastKnownFileType = sourcecode.swift; path = ImageViewerViewController.swift; sourceTree = "<group>"; };
/* End PBXFileReference section */

/* Begin PBXFrameworksBuildPhase section */
		C124BFBB24EABA5A00233C28 /* Frameworks */ = {
			isa = PBXFrameworksBuildPhase;
			buildActionMask = 2147483647;
			files = (
			);
			runOnlyForDeploymentPostprocessing = 0;
		};
/* End PBXFrameworksBuildPhase section */

/* Begin PBXGroup section */
		C124BFB524EABA5A00233C28 = {
			isa = PBXGroup;
			children = (
				C124BFC024EABA5A00233C28 /* Raketa Test Task */,
				C124BFBF24EABA5A00233C28 /* Products */,
			);
			sourceTree = "<group>";
		};
		C124BFBF24EABA5A00233C28 /* Products */ = {
			isa = PBXGroup;
			children = (
				C124BFBE24EABA5A00233C28 /* Raketa Test Task.app */,
			);
			name = Products;
			sourceTree = "<group>";
		};
		C124BFC024EABA5A00233C28 /* Raketa Test Task */ = {
			isa = PBXGroup;
			children = (
				C124BFC124EABA5A00233C28 /* AppDelegate.swift */,
				C124BFC324EABA5A00233C28 /* SceneDelegate.swift */,
				C124BFDF24EACA6C00233C28 /* Models */,
				C124BFE624EACB1B00233C28 /* ViewModels */,
				C124BFE224EACADA00233C28 /* ViewControllers */,
				C124BFED24EACF6F00233C28 /* Views */,
				C130166124EBBE610069EFF8 /* Services */,
				C130166B24EBBF6D0069EFF8 /* Resources */,
				C124BFCF24EABA5E00233C28 /* Info.plist */,
			);
			path = "Raketa Test Task";
			sourceTree = "<group>";
		};
		C124BFDF24EACA6C00233C28 /* Models */ = {
			isa = PBXGroup;
			children = (
				C124BFE024EACA7E00233C28 /* Post.swift */,
			);
			path = Models;
			sourceTree = "<group>";
		};
		C124BFE224EACADA00233C28 /* ViewControllers */ = {
			isa = PBXGroup;
			children = (
				C124BFE424EACB0A00233C28 /* PostsTableViewController.swift */,
				C130166C24EBC0710069EFF8 /* ImageViewerViewController.swift */,
			);
			path = ViewControllers;
			sourceTree = "<group>";
		};
		C124BFE624EACB1B00233C28 /* ViewModels */ = {
			isa = PBXGroup;
			children = (
				C124BFE724EACB3C00233C28 /* PostsViewModel.swift */,
				C124BFEB24EACF0200233C28 /* PostCellViewModel.swift */,
				C124BFF124EAD4FF00233C28 /* ListViewModelState.swift */,
			);
			path = ViewModels;
			sourceTree = "<group>";
		};
		C124BFED24EACF6F00233C28 /* Views */ = {
			isa = PBXGroup;
			children = (
				C124BFEE24EACF7A00233C28 /* Cells */,
			);
			path = Views;
			sourceTree = "<group>";
		};
		C124BFEE24EACF7A00233C28 /* Cells */ = {
			isa = PBXGroup;
			children = (
				C124BFEF24EACF9B00233C28 /* PostCell.swift */,
			);
			path = Cells;
			sourceTree = "<group>";
		};
		C130166124EBBE610069EFF8 /* Services */ = {
			isa = PBXGroup;
			children = (
				C130166224EBBF320069EFF8 /* Api */,
				C124BFF324EAE5F700233C28 /* ImageService.swift */,
			);
			path = Services;
			sourceTree = "<group>";
		};
		C130166224EBBF320069EFF8 /* Api */ = {
			isa = PBXGroup;
			children = (
				C130166324EBBF320069EFF8 /* ApiError.swift */,
				C130166424EBBF320069EFF8 /* ApiService.swift */,
				C130166524EBBF320069EFF8 /* ApiResult.swift */,
				C130166624EBBF320069EFF8 /* ApiRequest.swift */,
			);
			path = Api;
			sourceTree = "<group>";
		};
		C130166B24EBBF6D0069EFF8 /* Resources */ = {
			isa = PBXGroup;
			children = (
				C124BFC724EABA5A00233C28 /* Main.storyboard */,
				C124BFCC24EABA5D00233C28 /* LaunchScreen.storyboard */,
				C124BFCA24EABA5D00233C28 /* Assets.xcassets */,
			);
			path = Resources;
			sourceTree = "<group>";
		};
/* End PBXGroup section */

/* Begin PBXNativeTarget section */
		C124BFBD24EABA5A00233C28 /* Raketa Test Task */ = {
			isa = PBXNativeTarget;
			buildConfigurationList = C124BFD224EABA5E00233C28 /* Build configuration list for PBXNativeTarget "Raketa Test Task" */;
			buildPhases = (
				C124BFBA24EABA5A00233C28 /* Sources */,
				C124BFBB24EABA5A00233C28 /* Frameworks */,
				C124BFBC24EABA5A00233C28 /* Resources */,
			);
			buildRules = (
			);
			dependencies = (
			);
			name = "Raketa Test Task";
			productName = "Raketa Test Task";
			productReference = C124BFBE24EABA5A00233C28 /* Raketa Test Task.app */;
			productType = "com.apple.product-type.application";
		};
/* End PBXNativeTarget section */

/* Begin PBXProject section */
		C124BFB624EABA5A00233C28 /* Project object */ = {
			isa = PBXProject;
			attributes = {
				LastSwiftUpdateCheck = 1140;
				LastUpgradeCheck = 1140;
				ORGANIZATIONNAME = "Yevhenii Tkachenko";
				TargetAttributes = {
					C124BFBD24EABA5A00233C28 = {
						CreatedOnToolsVersion = 11.4;
					};
				};
			};
			buildConfigurationList = C124BFB924EABA5A00233C28 /* Build configuration list for PBXProject "Raketa Test Task" */;
			compatibilityVersion = "Xcode 9.3";
			developmentRegion = en;
			hasScannedForEncodings = 0;
			knownRegions = (
				en,
				Base,
			);
			mainGroup = C124BFB524EABA5A00233C28;
			productRefGroup = C124BFBF24EABA5A00233C28 /* Products */;
			projectDirPath = "";
			projectRoot = "";
			targets = (
				C124BFBD24EABA5A00233C28 /* Raketa Test Task */,
			);
		};
/* End PBXProject section */

/* Begin PBXResourcesBuildPhase section */
		C124BFBC24EABA5A00233C28 /* Resources */ = {
			isa = PBXResourcesBuildPhase;
			buildActionMask = 2147483647;
			files = (
				C124BFCE24EABA5D00233C28 /* LaunchScreen.storyboard in Resources */,
				C124BFCB24EABA5D00233C28 /* Assets.xcassets in Resources */,
				C124BFC924EABA5A00233C28 /* Main.storyboard in Resources */,
			);
			runOnlyForDeploymentPostprocessing = 0;
		};
/* End PBXResourcesBuildPhase section */

/* Begin PBXSourcesBuildPhase section */
		C124BFBA24EABA5A00233C28 /* Sources */ = {
			isa = PBXSourcesBuildPhase;
			buildActionMask = 2147483647;
			files = (
				C130166A24EBBF320069EFF8 /* ApiRequest.swift in Sources */,
				C124BFC224EABA5A00233C28 /* AppDelegate.swift in Sources */,
				C130166D24EBC0710069EFF8 /* ImageViewerViewController.swift in Sources */,
				C124BFC424EABA5A00233C28 /* SceneDelegate.swift in Sources */,
				C124BFE124EACA7E00233C28 /* Post.swift in Sources */,
				C130166924EBBF320069EFF8 /* ApiResult.swift in Sources */,
				C130166724EBBF320069EFF8 /* ApiError.swift in Sources */,
				C124BFF224EAD4FF00233C28 /* ListViewModelState.swift in Sources */,
				C124BFE824EACB3C00233C28 /* PostsViewModel.swift in Sources */,
				C130166824EBBF320069EFF8 /* ApiService.swift in Sources */,
				C124BFF424EAE5F800233C28 /* ImageService.swift in Sources */,
				C124BFF024EACF9B00233C28 /* PostCell.swift in Sources */,
				C124BFEC24EACF0200233C28 /* PostCellViewModel.swift in Sources */,
				C124BFE524EACB0A00233C28 /* PostsTableViewController.swift in Sources */,
			);
			runOnlyForDeploymentPostprocessing = 0;
		};
/* End PBXSourcesBuildPhase section */

/* Begin PBXVariantGroup section */
		C124BFC724EABA5A00233C28 /* Main.storyboard */ = {
			isa = PBXVariantGroup;
			children = (
				C124BFC824EABA5A00233C28 /* Base */,
			);
			name = Main.storyboard;
			sourceTree = "<group>";
		};
		C124BFCC24EABA5D00233C28 /* LaunchScreen.storyboard */ = {
			isa = PBXVariantGroup;
			children = (
				C124BFCD24EABA5D00233C28 /* Base */,
			);
			name = LaunchScreen.storyboard;
			sourceTree = "<group>";
		};
/* End PBXVariantGroup section */

/* Begin XCBuildConfiguration section */
		C124BFD024EABA5E00233C28 /* Debug */ = {
			isa = XCBuildConfiguration;
			buildSettings = {
				ALWAYS_SEARCH_USER_PATHS = NO;
				CLANG_ANALYZER_NONNULL = YES;
				CLANG_ANALYZER_NUMBER_OBJECT_CONVERSION = YES_AGGRESSIVE;
				CLANG_CXX_LANGUAGE_STANDARD = "gnu++14";
				CLANG_CXX_LIBRARY = "libc++";
				CLANG_ENABLE_MODULES = YES;
				CLANG_ENABLE_OBJC_ARC = YES;
				CLANG_ENABLE_OBJC_WEAK = YES;
				CLANG_WARN_BLOCK_CAPTURE_AUTORELEASING = YES;
				CLANG_WARN_BOOL_CONVERSION = YES;
				CLANG_WARN_COMMA = YES;
				CLANG_WARN_CONSTANT_CONVERSION = YES;
				CLANG_WARN_DEPRECATED_OBJC_IMPLEMENTATIONS = YES;
				CLANG_WARN_DIRECT_OBJC_ISA_USAGE = YES_ERROR;
				CLANG_WARN_DOCUMENTATION_COMMENTS = YES;
				CLANG_WARN_EMPTY_BODY = YES;
				CLANG_WARN_ENUM_CONVERSION = YES;
				CLANG_WARN_INFINITE_RECURSION = YES;
				CLANG_WARN_INT_CONVERSION = YES;
				CLANG_WARN_NON_LITERAL_NULL_CONVERSION = YES;
				CLANG_WARN_OBJC_IMPLICIT_RETAIN_SELF = YES;
				CLANG_WARN_OBJC_LITERAL_CONVERSION = YES;
				CLANG_WARN_OBJC_ROOT_CLASS = YES_ERROR;
				CLANG_WARN_RANGE_LOOP_ANALYSIS = YES;
				CLANG_WARN_STRICT_PROTOTYPES = YES;
				CLANG_WARN_SUSPICIOUS_MOVE = YES;
				CLANG_WARN_UNGUARDED_AVAILABILITY = YES_AGGRESSIVE;
				CLANG_WARN_UNREACHABLE_CODE = YES;
				CLANG_WARN__DUPLICATE_METHOD_MATCH = YES;
				COPY_PHASE_STRIP = NO;
				DEBUG_INFORMATION_FORMAT = dwarf;
				ENABLE_STRICT_OBJC_MSGSEND = YES;
				ENABLE_TESTABILITY = YES;
				GCC_C_LANGUAGE_STANDARD = gnu11;
				GCC_DYNAMIC_NO_PIC = NO;
				GCC_NO_COMMON_BLOCKS = YES;
				GCC_OPTIMIZATION_LEVEL = 0;
				GCC_PREPROCESSOR_DEFINITIONS = (
					"DEBUG=1",
					"$(inherited)",
				);
				GCC_WARN_64_TO_32_BIT_CONVERSION = YES;
				GCC_WARN_ABOUT_RETURN_TYPE = YES_ERROR;
				GCC_WARN_UNDECLARED_SELECTOR = YES;
				GCC_WARN_UNINITIALIZED_AUTOS = YES_AGGRESSIVE;
				GCC_WARN_UNUSED_FUNCTION = YES;
				GCC_WARN_UNUSED_VARIABLE = YES;
				IPHONEOS_DEPLOYMENT_TARGET = 13.4;
				MTL_ENABLE_DEBUG_INFO = INCLUDE_SOURCE;
				MTL_FAST_MATH = YES;
				ONLY_ACTIVE_ARCH = YES;
				SDKROOT = iphoneos;
				SWIFT_ACTIVE_COMPILATION_CONDITIONS = DEBUG;
				SWIFT_OPTIMIZATION_LEVEL = "-Onone";
			};
			name = Debug;
		};
		C124BFD124EABA5E00233C28 /* Release */ = {
			isa = XCBuildConfiguration;
			buildSettings = {
				ALWAYS_SEARCH_USER_PATHS = NO;
				CLANG_ANALYZER_NONNULL = YES;
				CLANG_ANALYZER_NUMBER_OBJECT_CONVERSION = YES_AGGRESSIVE;
				CLANG_CXX_LANGUAGE_STANDARD = "gnu++14";
				CLANG_CXX_LIBRARY = "libc++";
				CLANG_ENABLE_MODULES = YES;
				CLANG_ENABLE_OBJC_ARC = YES;
				CLANG_ENABLE_OBJC_WEAK = YES;
				CLANG_WARN_BLOCK_CAPTURE_AUTORELEASING = YES;
				CLANG_WARN_BOOL_CONVERSION = YES;
				CLANG_WARN_COMMA = YES;
				CLANG_WARN_CONSTANT_CONVERSION = YES;
				CLANG_WARN_DEPRECATED_OBJC_IMPLEMENTATIONS = YES;
				CLANG_WARN_DIRECT_OBJC_ISA_USAGE = YES_ERROR;
				CLANG_WARN_DOCUMENTATION_COMMENTS = YES;
				CLANG_WARN_EMPTY_BODY = YES;
				CLANG_WARN_ENUM_CONVERSION = YES;
				CLANG_WARN_INFINITE_RECURSION = YES;
				CLANG_WARN_INT_CONVERSION = YES;
				CLANG_WARN_NON_LITERAL_NULL_CONVERSION = YES;
				CLANG_WARN_OBJC_IMPLICIT_RETAIN_SELF = YES;
				CLANG_WARN_OBJC_LITERAL_CONVERSION = YES;
				CLANG_WARN_OBJC_ROOT_CLASS = YES_ERROR;
				CLANG_WARN_RANGE_LOOP_ANALYSIS = YES;
				CLANG_WARN_STRICT_PROTOTYPES = YES;
				CLANG_WARN_SUSPICIOUS_MOVE = YES;
				CLANG_WARN_UNGUARDED_AVAILABILITY = YES_AGGRESSIVE;
				CLANG_WARN_UNREACHABLE_CODE = YES;
				CLANG_WARN__DUPLICATE_METHOD_MATCH = YES;
				COPY_PHASE_STRIP = NO;
				DEBUG_INFORMATION_FORMAT = "dwarf-with-dsym";
				ENABLE_NS_ASSERTIONS = NO;
				ENABLE_STRICT_OBJC_MSGSEND = YES;
				GCC_C_LANGUAGE_STANDARD = gnu11;
				GCC_NO_COMMON_BLOCKS = YES;
				GCC_WARN_64_TO_32_BIT_CONVERSION = YES;
				GCC_WARN_ABOUT_RETURN_TYPE = YES_ERROR;
				GCC_WARN_UNDECLARED_SELECTOR = YES;
				GCC_WARN_UNINITIALIZED_AUTOS = YES_AGGRESSIVE;
				GCC_WARN_UNUSED_FUNCTION = YES;
				GCC_WARN_UNUSED_VARIABLE = YES;
				IPHONEOS_DEPLOYMENT_TARGET = 13.4;
				MTL_ENABLE_DEBUG_INFO = NO;
				MTL_FAST_MATH = YES;
				SDKROOT = iphoneos;
				SWIFT_COMPILATION_MODE = wholemodule;
				SWIFT_OPTIMIZATION_LEVEL = "-O";
				VALIDATE_PRODUCT = YES;
			};
			name = Release;
		};
		C124BFD324EABA5E00233C28 /* Debug */ = {
			isa = XCBuildConfiguration;
			buildSettings = {
				ASSETCATALOG_COMPILER_APPICON_NAME = AppIcon;
				CODE_SIGN_STYLE = Automatic;
				DEVELOPMENT_TEAM = X8JQD4F5KM;
				INFOPLIST_FILE = "Raketa Test Task/Info.plist";
				LD_RUNPATH_SEARCH_PATHS = (
					"$(inherited)",
					"@executable_path/Frameworks",
				);
				PRODUCT_BUNDLE_IDENTIFIER = "com.Raketa-Test-Task";
				PRODUCT_NAME = "$(TARGET_NAME)";
				SWIFT_VERSION = 5.0;
				TARGETED_DEVICE_FAMILY = "1,2";
			};
			name = Debug;
		};
		C124BFD424EABA5E00233C28 /* Release */ = {
			isa = XCBuildConfiguration;
			buildSettings = {
				ASSETCATALOG_COMPILER_APPICON_NAME = AppIcon;
				CODE_SIGN_STYLE = Automatic;
				DEVELOPMENT_TEAM = X8JQD4F5KM;
				INFOPLIST_FILE = "Raketa Test Task/Info.plist";
				LD_RUNPATH_SEARCH_PATHS = (
					"$(inherited)",
					"@executable_path/Frameworks",
				);
				PRODUCT_BUNDLE_IDENTIFIER = "com.Raketa-Test-Task";
				PRODUCT_NAME = "$(TARGET_NAME)";
				SWIFT_VERSION = 5.0;
				TARGETED_DEVICE_FAMILY = "1,2";
			};
			name = Release;
		};
/* End XCBuildConfiguration section */

/* Begin XCConfigurationList section */
		C124BFB924EABA5A00233C28 /* Build configuration list for PBXProject "Raketa Test Task" */ = {
			isa = XCConfigurationList;
			buildConfigurations = (
				C124BFD024EABA5E00233C28 /* Debug */,
				C124BFD124EABA5E00233C28 /* Release */,
			);
			defaultConfigurationIsVisible = 0;
			defaultConfigurationName = Release;
		};
		C124BFD224EABA5E00233C28 /* Build configuration list for PBXNativeTarget "Raketa Test Task" */ = {
			isa = XCConfigurationList;
			buildConfigurations = (
				C124BFD324EABA5E00233C28 /* Debug */,
				C124BFD424EABA5E00233C28 /* Release */,
			);
			defaultConfigurationIsVisible = 0;
			defaultConfigurationName = Release;
		};
/* End XCConfigurationList section */
	};
	rootObject = C124BFB624EABA5A00233C28 /* Project object */;
}
